
Microsoft Visual Studio Solution File, Format Version 12.00
# Visual Studio Version 17
VisualStudioVersion = 17.13.35919.96 d17.13
MinimumVisualStudioVersion = 10.0.40219.1
Project("{FAE04EC0-301F-11D3-BF4B-00C04F79EFBC}") = "ProjectSyndicate", "ProjectSyndicate.csproj", "{D66E7D43-3215-4C4E-B0A9-B614A8DDB266}"
EndProject
Global
	GlobalSection(SolutionConfigurationPlatforms) = preSolution
		Debug|Any CPU = Debug|Any CPU
		Release|Any CPU = Release|Any CPU
	EndGlobalSection
	GlobalSection(ProjectConfigurationPlatforms) = postSolution
		{D66E7D43-3215-4C4E-B0A9-B614A8DDB266}.Debug|Any CPU.ActiveCfg = Debug|Any CPU
		{D66E7D43-3215-4C4E-B0A9-B614A8DDB266}.Debug|Any CPU.Build.0 = Debug|Any CPU
		{D66E7D43-3215-4C4E-B0A9-B614A8DDB266}.Release|Any CPU.ActiveCfg = Release|Any CPU
		{D66E7D43-3215-4C4E-B0A9-B614A8DDB266}.Release|Any CPU.Build.0 = Release|Any CPU
	EndGlobalSection
	GlobalSection(SolutionProperties) = preSolution
		HideSolutionNode = FALSE
	EndGlobalSection
	GlobalSection(ExtensibilityGlobals) = postSolution
		SolutionGuid = {707E5DB0-FFF5-425D-B414-03DDEA626591}
	EndGlobalSection
EndGlobal
